{
  "name": "agent-os-runtime",
  "version": "0.12.0",
  "lockfileVersion": 3,
  "requires": true,
  "packages": {
    "": {
      "name": "agent-os-runtime",
      "version": "0.12.0",
      "bin": {
        "agent-os": "src/cli.js"
      },
      "engines": {
        "node": ">=22.22.3 <23 || >=24.15.0 <25 || >=25.9.0"
      }
    }
  }
}
